
Microsoft Visual Studio Solution File, Format Version 12.00
# Visual Studio Version 16
VisualStudioVersion = 16.0.29424.173
MinimumVisualStudioVersion = 10.0.40219.1
Project("{FAE04EC0-301F-11D3-BF4B-00C04F79EFBC}") = "Task0_Intr", "SergeyKhomyakov\Task0_Intr.csproj", "{77292BAE-9067-4512-B2D1-B0085D285452}"
EndProject
Project("{FAE04EC0-301F-11D3-BF4B-00C04F79EFBC}") = "Task1_Basics", "Task1_Basics\Task1_Basics.csproj", "{94C028CF-B7D2-439E-9190-0ECB2CDFFF83}"
EndProject
Global
	GlobalSection(SolutionConfigurationPlatforms) = preSolution
		Debug|Any CPU = Debug|Any CPU
		Release|Any CPU = Release|Any CPU
	EndGlobalSection
	GlobalSection(ProjectConfigurationPlatforms) = postSolution
		{77292BAE-9067-4512-B2D1-B0085D285452}.Debug|Any CPU.ActiveCfg = Debug|Any CPU
		{77292BAE-9067-4512-B2D1-B0085D285452}.Debug|Any CPU.Build.0 = Debug|Any CPU
		{77292BAE-9067-4512-B2D1-B0085D285452}.Release|Any CPU.ActiveCfg = Release|Any CPU
		{77292BAE-9067-4512-B2D1-B0085D285452}.Release|Any CPU.Build.0 = Release|Any CPU
		{94C028CF-B7D2-439E-9190-0ECB2CDFFF83}.Debug|Any CPU.ActiveCfg = Debug|Any CPU
		{94C028CF-B7D2-439E-9190-0ECB2CDFFF83}.Debug|Any CPU.Build.0 = Debug|Any CPU
		{94C028CF-B7D2-439E-9190-0ECB2CDFFF83}.Release|Any CPU.ActiveCfg = Release|Any CPU
		{94C028CF-B7D2-439E-9190-0ECB2CDFFF83}.Release|Any CPU.Build.0 = Release|Any CPU
	EndGlobalSection
	GlobalSection(SolutionProperties) = preSolution
		HideSolutionNode = FALSE
	EndGlobalSection
	GlobalSection(ExtensibilityGlobals) = postSolution
		SolutionGuid = {2394FA98-3B6D-4A1B-9E4F-E49C1F7DD625}
	EndGlobalSection
EndGlobal
