
Microsoft Visual Studio Solution File, Format Version 12.00
# Visual Studio Version 16
VisualStudioVersion = 16.0.29424.173
MinimumVisualStudioVersion = 10.0.40219.1
Project("{FAE04EC0-301F-11D3-BF4B-00C04F79EFBC}") = "Training.Task0", "Training.Task0\Training.Task0.csproj", "{77292BAE-9067-4512-B2D1-B0085D285452}"
EndProject
Project("{FAE04EC0-301F-11D3-BF4B-00C04F79EFBC}") = "Training.Task1", "Training.Task1\Training.Task1.csproj", "{94C028CF-B7D2-439E-9190-0ECB2CDFFF83}"
EndProject
Project("{FAE04EC0-301F-11D3-BF4B-00C04F79EFBC}") = "Training.Task2", "Training.Task2\Training.Task2.csproj", "{626002CC-8E5C-4713-BB4E-B452CF501775}"
EndProject
Project("{FAE04EC0-301F-11D3-BF4B-00C04F79EFBC}") = "Training.Task2.VectorGraphicsEditor", "Training.Task2.VectorGraphicsEditor\Training.Task2.VectorGraphicsEditor.csproj", "{59939B51-2DA9-45E8-BAE8-BDC7CB6A4F78}"
EndProject
Project("{FAE04EC0-301F-11D3-BF4B-00C04F79EFBC}") = "Training.Task2.Game", "Training.Task2.Game\Training.Task2.Game.csproj", "{3310E373-397B-4EBC-B85F-FD1D3508B430}"
EndProject
Project("{FAE04EC0-301F-11D3-BF4B-00C04F79EFBC}") = "Training.Task3", "Training.Task3\Training.Task3.csproj", "{C37B4EF0-D177-4DB5-9547-74F9E981EF1F}"
EndProject
Project("{FAE04EC0-301F-11D3-BF4B-00C04F79EFBC}") = "Training.Task3.DynamicArray", "Training.Task3.DynamicArray\Training.Task3.DynamicArray.csproj", "{1C88E773-3482-4E56-A275-BFA590B65ED5}"
EndProject
Project("{FAE04EC0-301F-11D3-BF4B-00C04F79EFBC}") = "Training.Task4", "Training.Task4\Training.Task4.csproj", "{70E4350A-5E22-455F-8F5E-BD87C31940E0}"
EndProject
Project("{FAE04EC0-301F-11D3-BF4B-00C04F79EFBC}") = "Training.Task5", "Training.Task5\Training.Task5.csproj", "{BC5427D7-C4AD-4E17-B88A-E8E0FEA319DD}"
EndProject
Project("{2150E333-8FDC-42A3-9474-1A3956D46DE8}") = "Training.Task6", "Training.Task6", "{98468ED7-D0BB-4D17-9492-6B3D52C19991}"
EndProject
Project("{2150E333-8FDC-42A3-9474-1A3956D46DE8}") = "PL", "PL", "{6B547A1C-D78D-4C56-B10A-DA883D36A697}"
EndProject
Project("{2150E333-8FDC-42A3-9474-1A3956D46DE8}") = "Common", "Common", "{190D4397-13BF-49B9-B189-BAC0E3F7D0D9}"
EndProject
Project("{FAE04EC0-301F-11D3-BF4B-00C04F79EFBC}") = "Training.Task6.BLL", "Training.Task6.BLL\Training.Task6.BLL.csproj", "{D29F9CA4-794B-419F-9D11-B72788EDA814}"
EndProject
Project("{FAE04EC0-301F-11D3-BF4B-00C04F79EFBC}") = "Training.Task6.BLL.Interfaces", "Training.Task6.BLL.Interfaces\Training.Task6.BLL.Interfaces.csproj", "{0C63DCD3-4AC0-4EA5-ABFB-27EFA4819480}"
EndProject
Project("{FAE04EC0-301F-11D3-BF4B-00C04F79EFBC}") = "Training.Task6.Common", "Training.Task6.Common\Training.Task6.Common.csproj", "{689C6E6F-8F53-4459-A06A-394B6E74D592}"
EndProject
Project("{FAE04EC0-301F-11D3-BF4B-00C04F79EFBC}") = "Training.Task6.ConsolePL", "Training.Task6.ConsolePL\Training.Task6.ConsolePL.csproj", "{5A5917D4-F1CC-49FD-90AD-F59989A15180}"
EndProject
Project("{FAE04EC0-301F-11D3-BF4B-00C04F79EFBC}") = "Training.Task6.DAL", "Training.Task6.DAL\Training.Task6.DAL.csproj", "{F26A1796-918A-4C40-BA00-863242668A9D}"
EndProject
Project("{FAE04EC0-301F-11D3-BF4B-00C04F79EFBC}") = "Training.Task6.DAL.Interfaces", "Training.Task6.DAL.Interfaces\Training.Task6.DAL.Interfaces.csproj", "{B210569F-EA92-47FF-AD1F-5A82FB70D4C9}"
EndProject
Project("{FAE04EC0-301F-11D3-BF4B-00C04F79EFBC}") = "Training.Task6.Entity", "Training.Task6.Entity\Training.Task6.Entity.csproj", "{9F88E059-9824-4865-A00B-509BDC3C3790}"
EndProject
Project("{2150E333-8FDC-42A3-9474-1A3956D46DE8}") = "BLL", "BLL", "{74E91F1B-D871-449A-9B70-6F0526314B8A}"
EndProject
Project("{2150E333-8FDC-42A3-9474-1A3956D46DE8}") = "DAL", "DAL", "{5865FEF7-4705-48AA-8211-0022FCB22C31}"
EndProject
Project("{FAE04EC0-301F-11D3-BF4B-00C04F79EFBC}") = "Training.Task7", "Training.Task7\Training.Task7.csproj", "{40F283CE-A282-44C9-ACC3-DF3654D043B4}"
EndProject
Project("{FAE04EC0-301F-11D3-BF4B-00C04F79EFBC}") = "Training.Task10.WebPL", "Training.Task10.WebPL\Training.Task10.WebPL.csproj", "{6831F32C-54E3-4B3A-B2A2-8DBE9E59FD04}"
EndProject
Project("{FAE04EC0-301F-11D3-BF4B-00C04F79EFBC}") = "Training.Task11.DAL", "Training.Task11.DAL\Training.Task11.DAL.csproj", "{676085A7-9C1E-435B-8D02-E6031DBA04FA}"
EndProject
Global
	GlobalSection(SolutionConfigurationPlatforms) = preSolution
		Debug|Any CPU = Debug|Any CPU
		Release|Any CPU = Release|Any CPU
	EndGlobalSection
	GlobalSection(ProjectConfigurationPlatforms) = postSolution
		{77292BAE-9067-4512-B2D1-B0085D285452}.Debug|Any CPU.ActiveCfg = Debug|Any CPU
		{77292BAE-9067-4512-B2D1-B0085D285452}.Debug|Any CPU.Build.0 = Debug|Any CPU
		{77292BAE-9067-4512-B2D1-B0085D285452}.Release|Any CPU.ActiveCfg = Release|Any CPU
		{77292BAE-9067-4512-B2D1-B0085D285452}.Release|Any CPU.Build.0 = Release|Any CPU
		{94C028CF-B7D2-439E-9190-0ECB2CDFFF83}.Debug|Any CPU.ActiveCfg = Debug|Any CPU
		{94C028CF-B7D2-439E-9190-0ECB2CDFFF83}.Debug|Any CPU.Build.0 = Debug|Any CPU
		{94C028CF-B7D2-439E-9190-0ECB2CDFFF83}.Release|Any CPU.ActiveCfg = Release|Any CPU
		{94C028CF-B7D2-439E-9190-0ECB2CDFFF83}.Release|Any CPU.Build.0 = Release|Any CPU
		{626002CC-8E5C-4713-BB4E-B452CF501775}.Debug|Any CPU.ActiveCfg = Debug|Any CPU
		{626002CC-8E5C-4713-BB4E-B452CF501775}.Debug|Any CPU.Build.0 = Debug|Any CPU
		{626002CC-8E5C-4713-BB4E-B452CF501775}.Release|Any CPU.ActiveCfg = Release|Any CPU
		{626002CC-8E5C-4713-BB4E-B452CF501775}.Release|Any CPU.Build.0 = Release|Any CPU
		{59939B51-2DA9-45E8-BAE8-BDC7CB6A4F78}.Debug|Any CPU.ActiveCfg = Debug|Any CPU
		{59939B51-2DA9-45E8-BAE8-BDC7CB6A4F78}.Debug|Any CPU.Build.0 = Debug|Any CPU
		{59939B51-2DA9-45E8-BAE8-BDC7CB6A4F78}.Release|Any CPU.ActiveCfg = Release|Any CPU
		{59939B51-2DA9-45E8-BAE8-BDC7CB6A4F78}.Release|Any CPU.Build.0 = Release|Any CPU
		{3310E373-397B-4EBC-B85F-FD1D3508B430}.Debug|Any CPU.ActiveCfg = Debug|Any CPU
		{3310E373-397B-4EBC-B85F-FD1D3508B430}.Debug|Any CPU.Build.0 = Debug|Any CPU
		{3310E373-397B-4EBC-B85F-FD1D3508B430}.Release|Any CPU.ActiveCfg = Release|Any CPU
		{3310E373-397B-4EBC-B85F-FD1D3508B430}.Release|Any CPU.Build.0 = Release|Any CPU
		{C37B4EF0-D177-4DB5-9547-74F9E981EF1F}.Debug|Any CPU.ActiveCfg = Debug|Any CPU
		{C37B4EF0-D177-4DB5-9547-74F9E981EF1F}.Debug|Any CPU.Build.0 = Debug|Any CPU
		{C37B4EF0-D177-4DB5-9547-74F9E981EF1F}.Release|Any CPU.ActiveCfg = Release|Any CPU
		{C37B4EF0-D177-4DB5-9547-74F9E981EF1F}.Release|Any CPU.Build.0 = Release|Any CPU
		{1C88E773-3482-4E56-A275-BFA590B65ED5}.Debug|Any CPU.ActiveCfg = Debug|Any CPU
		{1C88E773-3482-4E56-A275-BFA590B65ED5}.Debug|Any CPU.Build.0 = Debug|Any CPU
		{1C88E773-3482-4E56-A275-BFA590B65ED5}.Release|Any CPU.ActiveCfg = Release|Any CPU
		{1C88E773-3482-4E56-A275-BFA590B65ED5}.Release|Any CPU.Build.0 = Release|Any CPU
		{70E4350A-5E22-455F-8F5E-BD87C31940E0}.Debug|Any CPU.ActiveCfg = Debug|Any CPU
		{70E4350A-5E22-455F-8F5E-BD87C31940E0}.Debug|Any CPU.Build.0 = Debug|Any CPU
		{70E4350A-5E22-455F-8F5E-BD87C31940E0}.Release|Any CPU.ActiveCfg = Release|Any CPU
		{70E4350A-5E22-455F-8F5E-BD87C31940E0}.Release|Any CPU.Build.0 = Release|Any CPU
		{BC5427D7-C4AD-4E17-B88A-E8E0FEA319DD}.Debug|Any CPU.ActiveCfg = Debug|Any CPU
		{BC5427D7-C4AD-4E17-B88A-E8E0FEA319DD}.Debug|Any CPU.Build.0 = Debug|Any CPU
		{BC5427D7-C4AD-4E17-B88A-E8E0FEA319DD}.Release|Any CPU.ActiveCfg = Release|Any CPU
		{BC5427D7-C4AD-4E17-B88A-E8E0FEA319DD}.Release|Any CPU.Build.0 = Release|Any CPU
		{D29F9CA4-794B-419F-9D11-B72788EDA814}.Debug|Any CPU.ActiveCfg = Debug|Any CPU
		{D29F9CA4-794B-419F-9D11-B72788EDA814}.Debug|Any CPU.Build.0 = Debug|Any CPU
		{D29F9CA4-794B-419F-9D11-B72788EDA814}.Release|Any CPU.ActiveCfg = Release|Any CPU
		{D29F9CA4-794B-419F-9D11-B72788EDA814}.Release|Any CPU.Build.0 = Release|Any CPU
		{0C63DCD3-4AC0-4EA5-ABFB-27EFA4819480}.Debug|Any CPU.ActiveCfg = Debug|Any CPU
		{0C63DCD3-4AC0-4EA5-ABFB-27EFA4819480}.Debug|Any CPU.Build.0 = Debug|Any CPU
		{0C63DCD3-4AC0-4EA5-ABFB-27EFA4819480}.Release|Any CPU.ActiveCfg = Release|Any CPU
		{0C63DCD3-4AC0-4EA5-ABFB-27EFA4819480}.Release|Any CPU.Build.0 = Release|Any CPU
		{689C6E6F-8F53-4459-A06A-394B6E74D592}.Debug|Any CPU.ActiveCfg = Debug|Any CPU
		{689C6E6F-8F53-4459-A06A-394B6E74D592}.Debug|Any CPU.Build.0 = Debug|Any CPU
		{689C6E6F-8F53-4459-A06A-394B6E74D592}.Release|Any CPU.ActiveCfg = Release|Any CPU
		{689C6E6F-8F53-4459-A06A-394B6E74D592}.Release|Any CPU.Build.0 = Release|Any CPU
		{5A5917D4-F1CC-49FD-90AD-F59989A15180}.Debug|Any CPU.ActiveCfg = Debug|Any CPU
		{5A5917D4-F1CC-49FD-90AD-F59989A15180}.Debug|Any CPU.Build.0 = Debug|Any CPU
		{5A5917D4-F1CC-49FD-90AD-F59989A15180}.Release|Any CPU.ActiveCfg = Release|Any CPU
		{5A5917D4-F1CC-49FD-90AD-F59989A15180}.Release|Any CPU.Build.0 = Release|Any CPU
		{F26A1796-918A-4C40-BA00-863242668A9D}.Debug|Any CPU.ActiveCfg = Debug|Any CPU
		{F26A1796-918A-4C40-BA00-863242668A9D}.Debug|Any CPU.Build.0 = Debug|Any CPU
		{F26A1796-918A-4C40-BA00-863242668A9D}.Release|Any CPU.ActiveCfg = Release|Any CPU
		{F26A1796-918A-4C40-BA00-863242668A9D}.Release|Any CPU.Build.0 = Release|Any CPU
		{B210569F-EA92-47FF-AD1F-5A82FB70D4C9}.Debug|Any CPU.ActiveCfg = Debug|Any CPU
		{B210569F-EA92-47FF-AD1F-5A82FB70D4C9}.Debug|Any CPU.Build.0 = Debug|Any CPU
		{B210569F-EA92-47FF-AD1F-5A82FB70D4C9}.Release|Any CPU.ActiveCfg = Release|Any CPU
		{B210569F-EA92-47FF-AD1F-5A82FB70D4C9}.Release|Any CPU.Build.0 = Release|Any CPU
		{9F88E059-9824-4865-A00B-509BDC3C3790}.Debug|Any CPU.ActiveCfg = Debug|Any CPU
		{9F88E059-9824-4865-A00B-509BDC3C3790}.Debug|Any CPU.Build.0 = Debug|Any CPU
		{9F88E059-9824-4865-A00B-509BDC3C3790}.Release|Any CPU.ActiveCfg = Release|Any CPU
		{9F88E059-9824-4865-A00B-509BDC3C3790}.Release|Any CPU.Build.0 = Release|Any CPU
		{40F283CE-A282-44C9-ACC3-DF3654D043B4}.Debug|Any CPU.ActiveCfg = Debug|Any CPU
		{40F283CE-A282-44C9-ACC3-DF3654D043B4}.Debug|Any CPU.Build.0 = Debug|Any CPU
		{40F283CE-A282-44C9-ACC3-DF3654D043B4}.Release|Any CPU.ActiveCfg = Release|Any CPU
		{40F283CE-A282-44C9-ACC3-DF3654D043B4}.Release|Any CPU.Build.0 = Release|Any CPU
		{6831F32C-54E3-4B3A-B2A2-8DBE9E59FD04}.Debug|Any CPU.ActiveCfg = Debug|Any CPU
		{6831F32C-54E3-4B3A-B2A2-8DBE9E59FD04}.Debug|Any CPU.Build.0 = Debug|Any CPU
		{6831F32C-54E3-4B3A-B2A2-8DBE9E59FD04}.Release|Any CPU.ActiveCfg = Release|Any CPU
		{6831F32C-54E3-4B3A-B2A2-8DBE9E59FD04}.Release|Any CPU.Build.0 = Release|Any CPU
		{676085A7-9C1E-435B-8D02-E6031DBA04FA}.Debug|Any CPU.ActiveCfg = Debug|Any CPU
		{676085A7-9C1E-435B-8D02-E6031DBA04FA}.Debug|Any CPU.Build.0 = Debug|Any CPU
		{676085A7-9C1E-435B-8D02-E6031DBA04FA}.Release|Any CPU.ActiveCfg = Release|Any CPU
		{676085A7-9C1E-435B-8D02-E6031DBA04FA}.Release|Any CPU.Build.0 = Release|Any CPU
	EndGlobalSection
	GlobalSection(SolutionProperties) = preSolution
		HideSolutionNode = FALSE
	EndGlobalSection
	GlobalSection(NestedProjects) = preSolution
		{6B547A1C-D78D-4C56-B10A-DA883D36A697} = {98468ED7-D0BB-4D17-9492-6B3D52C19991}
		{190D4397-13BF-49B9-B189-BAC0E3F7D0D9} = {98468ED7-D0BB-4D17-9492-6B3D52C19991}
		{D29F9CA4-794B-419F-9D11-B72788EDA814} = {74E91F1B-D871-449A-9B70-6F0526314B8A}
		{0C63DCD3-4AC0-4EA5-ABFB-27EFA4819480} = {74E91F1B-D871-449A-9B70-6F0526314B8A}
		{689C6E6F-8F53-4459-A06A-394B6E74D592} = {190D4397-13BF-49B9-B189-BAC0E3F7D0D9}
		{5A5917D4-F1CC-49FD-90AD-F59989A15180} = {6B547A1C-D78D-4C56-B10A-DA883D36A697}
		{F26A1796-918A-4C40-BA00-863242668A9D} = {5865FEF7-4705-48AA-8211-0022FCB22C31}
		{B210569F-EA92-47FF-AD1F-5A82FB70D4C9} = {5865FEF7-4705-48AA-8211-0022FCB22C31}
		{9F88E059-9824-4865-A00B-509BDC3C3790} = {190D4397-13BF-49B9-B189-BAC0E3F7D0D9}
		{74E91F1B-D871-449A-9B70-6F0526314B8A} = {98468ED7-D0BB-4D17-9492-6B3D52C19991}
		{5865FEF7-4705-48AA-8211-0022FCB22C31} = {98468ED7-D0BB-4D17-9492-6B3D52C19991}
		{6831F32C-54E3-4B3A-B2A2-8DBE9E59FD04} = {6B547A1C-D78D-4C56-B10A-DA883D36A697}
		{676085A7-9C1E-435B-8D02-E6031DBA04FA} = {5865FEF7-4705-48AA-8211-0022FCB22C31}
	EndGlobalSection
	GlobalSection(ExtensibilityGlobals) = postSolution
		SolutionGuid = {2394FA98-3B6D-4A1B-9E4F-E49C1F7DD625}
	EndGlobalSection
EndGlobal
